<?xml version="1.0" encoding="utf-8"?>
<Project ToolsVersion="4.0" xmlns="http://schemas.microsoft.com/developer/msbuild/2003">
  <ItemGroup>
    <Filter Include="Source Files">
      <UniqueIdentifier>{b195dfc0-ee5d-4182-b8fc-87a5e5135c60}</UniqueIdentifier>
      <Extensions>cpp;c;cc;cxx;def;odl;idl;hpj;bat;asm;asmx</Extensions>
    </Filter>
    <Filter Include="Header Files">
      <UniqueIdentifier>{b59e08b7-8118-48a0-ae9b-0dbca8ef6f1f}</UniqueIdentifier>
      <Extensions>h;hh;hpp;hxx;hm;inl;inc;xsd</Extensions>
    </Filter>
    <Filter Include="Resource Files">
      <UniqueIdentifier>{87523278-7cdd-45f1-b973-db5e5090cf15}</UniqueIdentifier>
      <Extensions>rc;ico;cur;bmp;dlg;rc2;rct;bin;rgs;gif;jpg;jpeg;jpe;resx;tiff;tif;png;wav;mfcribbon-ms</Extensions>
    </Filter>
    <Filter Include="d3d9">
      <UniqueIdentifier>{c803cb1d-837c-44ac-850a-d0b0e6279056}</UniqueIdentifier>
    </Filter>
  </ItemGroup>
  <ItemGroup>
    <ClCompile Include="dllmain.cpp">
      <Filter>Source Files</Filter>
    </ClCompile>
    <ClCompile Include="Corsair.cpp">
      <Filter>Source Files</Filter>
    </ClCompile>
    <ClCompile Include="Rework.cpp">
      <Filter>Source Files</Filter>
    </ClCompile>
    <ClCompile Include="d3d9_clone.cpp">
      <Filter>d3d9</Filter>
    </ClCompile>
  </ItemGroup>
  <ItemGroup>
    <ClInclude Include="Inc.h">
      <Filter>Header Files</Filter>
    </ClInclude>
    <ClInclude Include="resource.h">
      <Filter>Resource Files</Filter>
    </ClInclude>
    <ClInclude Include="Rework.h">
      <Filter>Header Files</Filter>
    </ClInclude>
    <ClInclude Include="Corsair.h">
      <Filter>Header Files</Filter>
    </ClInclude>
    <ClInclude Include="IntraInc.h">
      <Filter>Header Files</Filter>
    </ClInclude>
  </ItemGroup>
  <ItemGroup>
    <ResourceCompile Include="version.rc">
      <Filter>Resource Files</Filter>
    </ResourceCompile>
  </ItemGroup>
  <ItemGroup>
    <MASM Include="d3d9.asm">
      <Filter>d3d9</Filter>
    </MASM>
    <MASM Include="int2d_x64.asm">
      <Filter>Source Files</Filter>
    </MASM>
  </ItemGroup>
  <ItemGroup>
    <None Include="d3d9.def">
      <Filter>d3d9</Filter>
    </None>
    <None Include="Macros.inc">
      <Filter>Source Files</Filter>
    </None>
  </ItemGroup>
</Project>