
Microsoft Visual Studio Solution File, Format Version 12.00
# Visual Studio Version 18
VisualStudioVersion = 18.10.12106.202
MinimumVisualStudioVersion = 10.0.40219.1
Project("{8BC9CEB8-8B4A-11D0-8D11-00A0C91BC942}") = "d3d9", "bdo_extender.vcxproj", "{482F0850-C79D-43EB-909D-8A18CE257986}"
EndProject
Project("{8BC9CEB8-8B4A-11D0-8D11-00A0C91BC942}") = "Shared", "..\Shared\Shared.vcxproj", "{950F8809-1841-488D-8760-682BBC85AE0E}"
EndProject
Project("{8BC9CEB8-8B4A-11D0-8D11-00A0C91BC942}") = "BDO", "..\BDO\BDO.vcxproj", "{FDFAA654-C3C3-469C-A798-CD2953F7A541}"
EndProject
Global
	GlobalSection(SolutionConfigurationPlatforms) = preSolution
		AkProfiler|x64 = AkProfiler|x64
		AkProfiler|x86 = AkProfiler|x86
		Debug|x64 = Debug|x64
		Debug|x86 = Debug|x86
		DevRelease|x64 = DevRelease|x64
		DevRelease|x86 = DevRelease|x86
		Release_RU|x64 = Release_RU|x64
		Release_RU|x86 = Release_RU|x86
		Release|x64 = Release|x64
		Release|x86 = Release|x86
		ReleaseOp_Server_RU|x64 = ReleaseOp_Server_RU|x64
		ReleaseOp_Server_RU|x86 = ReleaseOp_Server_RU|x86
		ReleaseOp|x64 = ReleaseOp|x64
		ReleaseOp|x86 = ReleaseOp|x86
		ReleaseOpSc_Client_RU|x64 = ReleaseOpSc_Client_RU|x64
		ReleaseOpSc_Client_RU|x86 = ReleaseOpSc_Client_RU|x86
		ReleaseOpSc|x64 = ReleaseOpSc|x64
		ReleaseOpSc|x86 = ReleaseOpSc|x86
	EndGlobalSection
	GlobalSection(ProjectConfigurationPlatforms) = postSolution
		{482F0850-C79D-43EB-909D-8A18CE257986}.AkProfiler|x64.ActiveCfg = Release|x64
		{482F0850-C79D-43EB-909D-8A18CE257986}.AkProfiler|x64.Build.0 = Release|x64
		{482F0850-C79D-43EB-909D-8A18CE257986}.AkProfiler|x86.ActiveCfg = Release|Win32
		{482F0850-C79D-43EB-909D-8A18CE257986}.AkProfiler|x86.Build.0 = Release|Win32
		{482F0850-C79D-43EB-909D-8A18CE257986}.Debug|x64.ActiveCfg = Debug|x64
		{482F0850-C79D-43EB-909D-8A18CE257986}.Debug|x64.Build.0 = Debug|x64
		{482F0850-C79D-43EB-909D-8A18CE257986}.Debug|x86.ActiveCfg = Debug|Win32
		{482F0850-C79D-43EB-909D-8A18CE257986}.Debug|x86.Build.0 = Debug|Win32
		{482F0850-C79D-43EB-909D-8A18CE257986}.DevRelease|x64.ActiveCfg = Release|x64
		{482F0850-C79D-43EB-909D-8A18CE257986}.DevRelease|x64.Build.0 = Release|x64
		{482F0850-C79D-43EB-909D-8A18CE257986}.DevRelease|x86.ActiveCfg = Release|Win32
		{482F0850-C79D-43EB-909D-8A18CE257986}.DevRelease|x86.Build.0 = Release|Win32
		{482F0850-C79D-43EB-909D-8A18CE257986}.Release_RU|x64.ActiveCfg = Release|x64
		{482F0850-C79D-43EB-909D-8A18CE257986}.Release_RU|x64.Build.0 = Release|x64
		{482F0850-C79D-43EB-909D-8A18CE257986}.Release_RU|x86.ActiveCfg = Release|Win32
		{482F0850-C79D-43EB-909D-8A18CE257986}.Release_RU|x86.Build.0 = Release|Win32
		{482F0850-C79D-43EB-909D-8A18CE257986}.Release|x64.ActiveCfg = Release|x64
		{482F0850-C79D-43EB-909D-8A18CE257986}.Release|x64.Build.0 = Release|x64
		{482F0850-C79D-43EB-909D-8A18CE257986}.Release|x86.ActiveCfg = Release|Win32
		{482F0850-C79D-43EB-909D-8A18CE257986}.Release|x86.Build.0 = Release|Win32
		{482F0850-C79D-43EB-909D-8A18CE257986}.ReleaseOp_Server_RU|x64.ActiveCfg = Release|x64
		{482F0850-C79D-43EB-909D-8A18CE257986}.ReleaseOp_Server_RU|x64.Build.0 = Release|x64
		{482F0850-C79D-43EB-909D-8A18CE257986}.ReleaseOp_Server_RU|x86.ActiveCfg = Release|Win32
		{482F0850-C79D-43EB-909D-8A18CE257986}.ReleaseOp_Server_RU|x86.Build.0 = Release|Win32
		{482F0850-C79D-43EB-909D-8A18CE257986}.ReleaseOp|x64.ActiveCfg = Release|x64
		{482F0850-C79D-43EB-909D-8A18CE257986}.ReleaseOp|x64.Build.0 = Release|x64
		{482F0850-C79D-43EB-909D-8A18CE257986}.ReleaseOp|x86.ActiveCfg = Release|Win32
		{482F0850-C79D-43EB-909D-8A18CE257986}.ReleaseOp|x86.Build.0 = Release|Win32
		{482F0850-C79D-43EB-909D-8A18CE257986}.ReleaseOpSc_Client_RU|x64.ActiveCfg = Release|x64
		{482F0850-C79D-43EB-909D-8A18CE257986}.ReleaseOpSc_Client_RU|x64.Build.0 = Release|x64
		{482F0850-C79D-43EB-909D-8A18CE257986}.ReleaseOpSc_Client_RU|x86.ActiveCfg = Release|Win32
		{482F0850-C79D-43EB-909D-8A18CE257986}.ReleaseOpSc_Client_RU|x86.Build.0 = Release|Win32
		{482F0850-C79D-43EB-909D-8A18CE257986}.ReleaseOpSc|x64.ActiveCfg = Release|x64
		{482F0850-C79D-43EB-909D-8A18CE257986}.ReleaseOpSc|x64.Build.0 = Release|x64
		{482F0850-C79D-43EB-909D-8A18CE257986}.ReleaseOpSc|x86.ActiveCfg = Release|Win32
		{482F0850-C79D-43EB-909D-8A18CE257986}.ReleaseOpSc|x86.Build.0 = Release|Win32
		{950F8809-1841-488D-8760-682BBC85AE0E}.AkProfiler|x64.ActiveCfg = Release|x64
		{950F8809-1841-488D-8760-682BBC85AE0E}.AkProfiler|x64.Build.0 = Release|x64
		{950F8809-1841-488D-8760-682BBC85AE0E}.AkProfiler|x86.ActiveCfg = Release|x64
		{950F8809-1841-488D-8760-682BBC85AE0E}.AkProfiler|x86.Build.0 = Release|x64
		{950F8809-1841-488D-8760-682BBC85AE0E}.Debug|x64.ActiveCfg = Debug|x64
		{950F8809-1841-488D-8760-682BBC85AE0E}.Debug|x64.Build.0 = Debug|x64
		{950F8809-1841-488D-8760-682BBC85AE0E}.Debug|x86.ActiveCfg = Debug|x64
		{950F8809-1841-488D-8760-682BBC85AE0E}.Debug|x86.Build.0 = Debug|x64
		{950F8809-1841-488D-8760-682BBC85AE0E}.DevRelease|x64.ActiveCfg = Release|x64
		{950F8809-1841-488D-8760-682BBC85AE0E}.DevRelease|x64.Build.0 = Release|x64
		{950F8809-1841-488D-8760-682BBC85AE0E}.DevRelease|x86.ActiveCfg = Release|x64
		{950F8809-1841-488D-8760-682BBC85AE0E}.DevRelease|x86.Build.0 = Release|x64
		{950F8809-1841-488D-8760-682BBC85AE0E}.Release_RU|x64.ActiveCfg = Release|x64
		{950F8809-1841-488D-8760-682BBC85AE0E}.Release_RU|x64.Build.0 = Release|x64
		{950F8809-1841-488D-8760-682BBC85AE0E}.Release_RU|x86.ActiveCfg = Release|x64
		{950F8809-1841-488D-8760-682BBC85AE0E}.Release_RU|x86.Build.0 = Release|x64
		{950F8809-1841-488D-8760-682BBC85AE0E}.Release|x64.ActiveCfg = Release|x64
		{950F8809-1841-488D-8760-682BBC85AE0E}.Release|x64.Build.0 = Release|x64
		{950F8809-1841-488D-8760-682BBC85AE0E}.Release|x86.ActiveCfg = Release|x64
		{950F8809-1841-488D-8760-682BBC85AE0E}.Release|x86.Build.0 = Release|x64
		{950F8809-1841-488D-8760-682BBC85AE0E}.ReleaseOp_Server_RU|x64.ActiveCfg = Release|x64
		{950F8809-1841-488D-8760-682BBC85AE0E}.ReleaseOp_Server_RU|x64.Build.0 = Release|x64
		{950F8809-1841-488D-8760-682BBC85AE0E}.ReleaseOp_Server_RU|x86.ActiveCfg = Release|x64
		{950F8809-1841-488D-8760-682BBC85AE0E}.ReleaseOp_Server_RU|x86.Build.0 = Release|x64
		{950F8809-1841-488D-8760-682BBC85AE0E}.ReleaseOp|x64.ActiveCfg = Release|x64
		{950F8809-1841-488D-8760-682BBC85AE0E}.ReleaseOp|x64.Build.0 = Release|x64
		{950F8809-1841-488D-8760-682BBC85AE0E}.ReleaseOp|x86.ActiveCfg = Release|x64
		{950F8809-1841-488D-8760-682BBC85AE0E}.ReleaseOp|x86.Build.0 = Release|x64
		{950F8809-1841-488D-8760-682BBC85AE0E}.ReleaseOpSc_Client_RU|x64.ActiveCfg = Release|x64
		{950F8809-1841-488D-8760-682BBC85AE0E}.ReleaseOpSc_Client_RU|x64.Build.0 = Release|x64
		{950F8809-1841-488D-8760-682BBC85AE0E}.ReleaseOpSc_Client_RU|x86.ActiveCfg = Release|x64
		{950F8809-1841-488D-8760-682BBC85AE0E}.ReleaseOpSc_Client_RU|x86.Build.0 = Release|x64
		{950F8809-1841-488D-8760-682BBC85AE0E}.ReleaseOpSc|x64.ActiveCfg = Release|x64
		{950F8809-1841-488D-8760-682BBC85AE0E}.ReleaseOpSc|x64.Build.0 = Release|x64
		{950F8809-1841-488D-8760-682BBC85AE0E}.ReleaseOpSc|x86.ActiveCfg = Release|x64
		{950F8809-1841-488D-8760-682BBC85AE0E}.ReleaseOpSc|x86.Build.0 = Release|x64
		{FDFAA654-C3C3-469C-A798-CD2953F7A541}.AkProfiler|x64.ActiveCfg = Release|x64
		{FDFAA654-C3C3-469C-A798-CD2953F7A541}.AkProfiler|x64.Build.0 = Release|x64
		{FDFAA654-C3C3-469C-A798-CD2953F7A541}.AkProfiler|x86.ActiveCfg = Release|x64
		{FDFAA654-C3C3-469C-A798-CD2953F7A541}.AkProfiler|x86.Build.0 = Release|x64
		{FDFAA654-C3C3-469C-A798-CD2953F7A541}.Debug|x64.ActiveCfg = Debug|x64
		{FDFAA654-C3C3-469C-A798-CD2953F7A541}.Debug|x64.Build.0 = Debug|x64
		{FDFAA654-C3C3-469C-A798-CD2953F7A541}.Debug|x86.ActiveCfg = Debug|x64
		{FDFAA654-C3C3-469C-A798-CD2953F7A541}.Debug|x86.Build.0 = Debug|x64
		{FDFAA654-C3C3-469C-A798-CD2953F7A541}.DevRelease|x64.ActiveCfg = Release|x64
		{FDFAA654-C3C3-469C-A798-CD2953F7A541}.DevRelease|x64.Build.0 = Release|x64
		{FDFAA654-C3C3-469C-A798-CD2953F7A541}.DevRelease|x86.ActiveCfg = Release|x64
		{FDFAA654-C3C3-469C-A798-CD2953F7A541}.DevRelease|x86.Build.0 = Release|x64
		{FDFAA654-C3C3-469C-A798-CD2953F7A541}.Release_RU|x64.ActiveCfg = Release|x64
		{FDFAA654-C3C3-469C-A798-CD2953F7A541}.Release_RU|x64.Build.0 = Release|x64
		{FDFAA654-C3C3-469C-A798-CD2953F7A541}.Release_RU|x86.ActiveCfg = Release|x64
		{FDFAA654-C3C3-469C-A798-CD2953F7A541}.Release_RU|x86.Build.0 = Release|x64
		{FDFAA654-C3C3-469C-A798-CD2953F7A541}.Release|x64.ActiveCfg = Release|x64
		{FDFAA654-C3C3-469C-A798-CD2953F7A541}.Release|x64.Build.0 = Release|x64
		{FDFAA654-C3C3-469C-A798-CD2953F7A541}.Release|x86.ActiveCfg = Release|x64
		{FDFAA654-C3C3-469C-A798-CD2953F7A541}.Release|x86.Build.0 = Release|x64
		{FDFAA654-C3C3-469C-A798-CD2953F7A541}.ReleaseOp_Server_RU|x64.ActiveCfg = Release|x64
		{FDFAA654-C3C3-469C-A798-CD2953F7A541}.ReleaseOp_Server_RU|x64.Build.0 = Release|x64
		{FDFAA654-C3C3-469C-A798-CD2953F7A541}.ReleaseOp_Server_RU|x86.ActiveCfg = Release|x64
		{FDFAA654-C3C3-469C-A798-CD2953F7A541}.ReleaseOp_Server_RU|x86.Build.0 = Release|x64
		{FDFAA654-C3C3-469C-A798-CD2953F7A541}.ReleaseOp|x64.ActiveCfg = Release|x64
		{FDFAA654-C3C3-469C-A798-CD2953F7A541}.ReleaseOp|x64.Build.0 = Release|x64
		{FDFAA654-C3C3-469C-A798-CD2953F7A541}.ReleaseOp|x86.ActiveCfg = Release|x64
		{FDFAA654-C3C3-469C-A798-CD2953F7A541}.ReleaseOp|x86.Build.0 = Release|x64
		{FDFAA654-C3C3-469C-A798-CD2953F7A541}.ReleaseOpSc_Client_RU|x64.ActiveCfg = Release|x64
		{FDFAA654-C3C3-469C-A798-CD2953F7A541}.ReleaseOpSc_Client_RU|x64.Build.0 = Release|x64
		{FDFAA654-C3C3-469C-A798-CD2953F7A541}.ReleaseOpSc_Client_RU|x86.ActiveCfg = Release|x64
		{FDFAA654-C3C3-469C-A798-CD2953F7A541}.ReleaseOpSc_Client_RU|x86.Build.0 = Release|x64
		{FDFAA654-C3C3-469C-A798-CD2953F7A541}.ReleaseOpSc|x64.ActiveCfg = Release|x64
		{FDFAA654-C3C3-469C-A798-CD2953F7A541}.ReleaseOpSc|x64.Build.0 = Release|x64
		{FDFAA654-C3C3-469C-A798-CD2953F7A541}.ReleaseOpSc|x86.ActiveCfg = Release|x64
		{FDFAA654-C3C3-469C-A798-CD2953F7A541}.ReleaseOpSc|x86.Build.0 = Release|x64
	EndGlobalSection
	GlobalSection(SolutionProperties) = preSolution
		HideSolutionNode = FALSE
	EndGlobalSection
	GlobalSection(ExtensibilityGlobals) = postSolution
		SolutionGuid = {0A2A1779-FA97-4DE2-B226-AABFCFA4DCFB}
	EndGlobalSection
EndGlobal
